# This file was autogenerated by Stack.
# You should not edit this file by hand.
# For more information, please see the documentation at:
#   https://docs.haskellstack.org/en/stable/lock_files

packages:
- completed:
    hackage: exceptions-0.10.5@sha256:b2c634a95ba2a68e0df3ae67d006f0dabb02edbe4dc77b321133551e308ca047,2832
    pantry-tree:
      size: 738
      sha256: 55b1a4123104e57b5e72b1c5354408807beded8a52ff1900521fed7007812715
  original:
    hackage: exceptions-0.10.5
- completed:
    hackage: microlens-0.4.13.0@sha256:40794f266977558e1138ac034701fa3ff66518bc4ca6a1fba5c575d4157cf0ba,4573
    pantry-tree:
      size: 461
      sha256: 7e3c2e67a573a4ba4bd8ebff631b7a6e0e2d81fb785b9e9fcd6bd02f18743ac3
  original:
    hackage: microlens-0.4.13.0
- completed:
    hackage: microlens-ghc-0.4.14.0@sha256:a261773f6ca4cd6a6e5028aa2b6ba1ed311c08656022beed16edd3c21536e8e6,2593
    pantry-tree:
      size: 343
      sha256: b36eef1342161945585df97699f4ab0c841d057e874b00cfa25b6240c4f0c4da
  original:
    hackage: microlens-ghc-0.4.14.0
- completed:
    hackage: microlens-mtl-0.2.0.2@sha256:ab8f264c6fecd763818c2e73740487ac371a4fd92cc32031c1c9de284a10518e,1875
    pantry-tree:
      size: 344
      sha256: 672cebfcd8f371f2841f269c4c0a35a2c1de4c6e24ebb00cdfe5b2651fcc795b
  original:
    hackage: microlens-mtl-0.2.0.2
- completed:
    hackage: microlens-platform-0.4.3.0@sha256:04cd3e49548ac9c7c53cf5ad38de7faf1a327402872137f8a9a0f3b3a860081c,2844
    pantry-tree:
      size: 358
      sha256: 7176adca96c038dfb45246785cb60f160724e81746f7830cb19eb31f09873466
  original:
    hackage: microlens-platform-0.4.3.0
- completed:
    hackage: mtl-2.3@sha256:9850384335d39f4307bdd8010c61b61cc2adb88adcb6820f8372f4d2f4905a3d,1830
    pantry-tree:
      size: 1852
      sha256: 0f60bd67fb750f8ce7471fbf8b88b62b75079270c3dc56b7ed59920e57fa124a
  original:
    hackage: mtl-2.3
- completed:
    hackage: parsec-3.1.15.1@sha256:8c7a36aaadff12a38817fc3c4ff6c87e3352cffd1a58df640de7ed7a97ad8fa3,4601
    pantry-tree:
      size: 2630
      sha256: 147ad21b8aa90273721903a6b294cc4ecd660d229d88c4e84c6275bc5d630ae6
  original:
    hackage: parsec-3.1.15.1
- completed:
    hackage: random-1.2.1.1@sha256:dea1f11e5569332dc6c8efaad1cb301016a5587b6754943a49f9de08ae0e56d9,6541
    pantry-tree:
      size: 1528
      sha256: 646ee77fe01178837ee928b61ae8653dcf190e9b5353ebebd094079c77a18b76
  original:
    hackage: random-1.2.1.1
- completed:
    hackage: statistics-0.16.1.0@sha256:68c719c034370839f7e8846bf2a79cdd5a205590755e2cd7d2f70cbd7e46b736,5618
    pantry-tree:
      size: 5335
      sha256: 3ddc60975289f9a0726fbf6c98f8004caa3365a1bf5d6a1c4fcf399203f405be
  original:
    hackage: statistics-0.16.1.0
snapshots:
- completed:
    size: 616897
    url: https://raw.githubusercontent.com/commercialhaskell/stackage-snapshots/master/lts/19/0.yaml
    sha256: bbf2be02f17940bac1f87cb462d4fb0c3355de6dcfc53d84f4f9ad3ee2164f65
  original: lts-19.0
